// !$*UTF8*$!
{
	archiveVersion = 1;
	classes = {
	};
	objectVersion = 55;
	objects = {

/* Begin PBXBuildFile section */
		0528D14429168B60000A6403 /* Main.xcdatamodeld in Sources */ = {isa = PBXBuildFile; fileRef = 0528D14229168B60000A6403 /* Main.xcdatamodeld */; };
		0528D14529168B60000A6403 /* Main.xcdatamodeld in Sources */ = {isa = PBXBuildFile; fileRef = 0528D14229168B60000A6403 /* Main.xcdatamodeld */; };
		0528D14729168BD6000A6403 /* DBGuessAttempt.swift in Sources */ = {isa = PBXBuildFile; fileRef = 0528D14629168BD6000A6403 /* DBGuessAttempt.swift */; };
		0528D14829168BD6000A6403 /* DBGuessAttempt.swift in Sources */ = {isa = PBXBuildFile; fileRef = 0528D14629168BD6000A6403 /* DBGuessAttempt.swift */; };
		05486B13292D632B004AA0FA /* StatisticsView.swift in Sources */ = {isa = PBXBuildFile; fileRef = 05486B12292D632B004AA0FA /* StatisticsView.swift */; };
		05486B14292D632B004AA0FA /* StatisticsView.swift in Sources */ = {isa = PBXBuildFile; fileRef = 05486B12292D632B004AA0FA /* StatisticsView.swift */; };
		0551BA5829182C3C00258424 /* DBFetchable.swift in Sources */ = {isa = PBXBuildFile; fileRef = 0551BA5729182C3C00258424 /* DBFetchable.swift */; };
		0551BA5929182C3C00258424 /* DBFetchable.swift in Sources */ = {isa = PBXBuildFile; fileRef = 0551BA5729182C3C00258424 /* DBFetchable.swift */; };
		0553CE1D2915B1AC004E7DD1 /* GuessAttempt.swift in Sources */ = {isa = PBXBuildFile; fileRef = 0553CE1C2915B1AC004E7DD1 /* GuessAttempt.swift */; };
		0553CE1E2915B1AC004E7DD1 /* GuessAttempt.swift in Sources */ = {isa = PBXBuildFile; fileRef = 0553CE1C2915B1AC004E7DD1 /* GuessAttempt.swift */; };
		055B2006290A6EB9007FC8AB /* Colors.swift in Sources */ = {isa = PBXBuildFile; fileRef = 055B2005290A6EB9007FC8AB /* Colors.swift */; };
		055B2007290A6EB9007FC8AB /* Colors.swift in Sources */ = {isa = PBXBuildFile; fileRef = 055B2005290A6EB9007FC8AB /* Colors.swift */; };
		055B2009290A6F7F007FC8AB /* HoneyCombGrid.swift in Sources */ = {isa = PBXBuildFile; fileRef = 055B2008290A6F7F007FC8AB /* HoneyCombGrid.swift */; };
		055B200A290A6F7F007FC8AB /* HoneyCombGrid.swift in Sources */ = {isa = PBXBuildFile; fileRef = 055B2008290A6F7F007FC8AB /* HoneyCombGrid.swift */; };
		0565F33929328BD8007327EC /* String+Localized.swift in Sources */ = {isa = PBXBuildFile; fileRef = 0565F33829328BD8007327EC /* String+Localized.swift */; };
		0565F33A29328BD8007327EC /* String+Localized.swift in Sources */ = {isa = PBXBuildFile; fileRef = 0565F33829328BD8007327EC /* String+Localized.swift */; };
		0565F33D29329C7C007327EC /* InfoView.swift in Sources */ = {isa = PBXBuildFile; fileRef = 0565F33C29329C7C007327EC /* InfoView.swift */; };
		0565F33E29329C7C007327EC /* InfoView.swift in Sources */ = {isa = PBXBuildFile; fileRef = 0565F33C29329C7C007327EC /* InfoView.swift */; };
		057097E3290C17130042EC4C /* HoneyCombTile.swift in Sources */ = {isa = PBXBuildFile; fileRef = 057097E2290C17130042EC4C /* HoneyCombTile.swift */; };
		057097E4290C17130042EC4C /* HoneyCombTile.swift in Sources */ = {isa = PBXBuildFile; fileRef = 057097E2290C17130042EC4C /* HoneyCombTile.swift */; };
		0574B2E72950E8A1004546DA /* BubblyBackground.swift in Sources */ = {isa = PBXBuildFile; fileRef = 0574B2E62950E8A1004546DA /* BubblyBackground.swift */; };
		0574B2E82950E8A1004546DA /* BubblyBackground.swift in Sources */ = {isa = PBXBuildFile; fileRef = 0574B2E62950E8A1004546DA /* BubblyBackground.swift */; };
		0578CD9F290D35F400908759 /* Weekday.swift in Sources */ = {isa = PBXBuildFile; fileRef = 0578CD9E290D35F400908759 /* Weekday.swift */; };
		0578CDA0290D35F400908759 /* Weekday.swift in Sources */ = {isa = PBXBuildFile; fileRef = 0578CD9E290D35F400908759 /* Weekday.swift */; };
		058AEECA2915D555006CDFE2 /* DBClient.swift in Sources */ = {isa = PBXBuildFile; fileRef = 058AEEC92915D555006CDFE2 /* DBClient.swift */; };
		058AEECB2915D555006CDFE2 /* DBClient.swift in Sources */ = {isa = PBXBuildFile; fileRef = 058AEEC92915D555006CDFE2 /* DBClient.swift */; };
		059E8262290F1948007FD642 /* Localizable.strings in Resources */ = {isa = PBXBuildFile; fileRef = 059E8265290F1948007FD642 /* Localizable.strings */; };
		059E8263290F1948007FD642 /* Localizable.strings in Resources */ = {isa = PBXBuildFile; fileRef = 059E8265290F1948007FD642 /* Localizable.strings */; };
		05BC1C9D293E686500C0549B /* StaisticsVM.swift in Sources */ = {isa = PBXBuildFile; fileRef = 05BC1C9C293E686500C0549B /* StaisticsVM.swift */; };
		05BC1C9E293E686500C0549B /* StaisticsVM.swift in Sources */ = {isa = PBXBuildFile; fileRef = 05BC1C9C293E686500C0549B /* StaisticsVM.swift */; };
		05C12985293280C000DF09E1 /* EmptyBackground.swift in Sources */ = {isa = PBXBuildFile; fileRef = 05C12984293280C000DF09E1 /* EmptyBackground.swift */; };
		05C12986293280C000DF09E1 /* EmptyBackground.swift in Sources */ = {isa = PBXBuildFile; fileRef = 05C12984293280C000DF09E1 /* EmptyBackground.swift */; };
		05C5561C2916E839005BB568 /* DBPuttable.swift in Sources */ = {isa = PBXBuildFile; fileRef = 05C5561B2916E839005BB568 /* DBPuttable.swift */; };
		05C5561D2916E839005BB568 /* DBPuttable.swift in Sources */ = {isa = PBXBuildFile; fileRef = 05C5561B2916E839005BB568 /* DBPuttable.swift */; };
		05D78C3029098EAA0050623B /* Date+Formatter.swift in Sources */ = {isa = PBXBuildFile; fileRef = 05D78C2F29098EAA0050623B /* Date+Formatter.swift */; };
		05D78C3129098EAA0050623B /* Date+Formatter.swift in Sources */ = {isa = PBXBuildFile; fileRef = 05D78C2F29098EAA0050623B /* Date+Formatter.swift */; };
		05D78C3429099EF60050623B /* PolygonShape.swift in Sources */ = {isa = PBXBuildFile; fileRef = 05D78C3329099EF60050623B /* PolygonShape.swift */; };
		05D78C3529099EF60050623B /* PolygonShape.swift in Sources */ = {isa = PBXBuildFile; fileRef = 05D78C3329099EF60050623B /* PolygonShape.swift */; };
		05E2C41E29089096004DE440 /* Tests_iOS.swift in Sources */ = {isa = PBXBuildFile; fileRef = 05E2C41D29089096004DE440 /* Tests_iOS.swift */; };
		05E2C42029089096004DE440 /* Tests_iOSLaunchTests.swift in Sources */ = {isa = PBXBuildFile; fileRef = 05E2C41F29089096004DE440 /* Tests_iOSLaunchTests.swift */; };
		05E2C42A29089096004DE440 /* Tests_macOS.swift in Sources */ = {isa = PBXBuildFile; fileRef = 05E2C42929089096004DE440 /* Tests_macOS.swift */; };
		05E2C42C29089096004DE440 /* Tests_macOSLaunchTests.swift in Sources */ = {isa = PBXBuildFile; fileRef = 05E2C42B29089096004DE440 /* Tests_macOSLaunchTests.swift */; };
		05E2C42D29089096004DE440 /* DoomsdayTrainingApp.swift in Sources */ = {isa = PBXBuildFile; fileRef = 05E2C40529089095004DE440 /* DoomsdayTrainingApp.swift */; };
		05E2C42E29089096004DE440 /* DoomsdayTrainingApp.swift in Sources */ = {isa = PBXBuildFile; fileRef = 05E2C40529089095004DE440 /* DoomsdayTrainingApp.swift */; };
		05E2C42F29089096004DE440 /* ContentView.swift in Sources */ = {isa = PBXBuildFile; fileRef = 05E2C40629089095004DE440 /* ContentView.swift */; };
		05E2C43029089096004DE440 /* ContentView.swift in Sources */ = {isa = PBXBuildFile; fileRef = 05E2C40629089095004DE440 /* ContentView.swift */; };
		05E2C43129089096004DE440 /* Assets.xcassets in Resources */ = {isa = PBXBuildFile; fileRef = 05E2C40729089096004DE440 /* Assets.xcassets */; };
		05E2C43229089096004DE440 /* Assets.xcassets in Resources */ = {isa = PBXBuildFile; fileRef = 05E2C40729089096004DE440 /* Assets.xcassets */; };
		05E2C443290890EB004DE440 /* MainVM.swift in Sources */ = {isa = PBXBuildFile; fileRef = 05E2C442290890EB004DE440 /* MainVM.swift */; };
		05E2C444290890EB004DE440 /* MainVM.swift in Sources */ = {isa = PBXBuildFile; fileRef = 05E2C442290890EB004DE440 /* MainVM.swift */; };
		05E2C44629089106004DE440 /* MainView.swift in Sources */ = {isa = PBXBuildFile; fileRef = 05E2C44529089106004DE440 /* MainView.swift */; };
		05E2C44729089106004DE440 /* MainView.swift in Sources */ = {isa = PBXBuildFile; fileRef = 05E2C44529089106004DE440 /* MainView.swift */; };
/* End PBXBuildFile section */

/* Begin PBXContainerItemProxy section */
		05E2C41A29089096004DE440 /* PBXContainerItemProxy */ = {
			isa = PBXContainerItemProxy;
			containerPortal = 05E2C40029089095004DE440 /* Project object */;
			proxyType = 1;
			remoteGlobalIDString = 05E2C40B29089096004DE440;
			remoteInfo = "Doomsday Training (iOS)";
		};
		05E2C42629089096004DE440 /* PBXContainerItemProxy */ = {
			isa = PBXContainerItemProxy;
			containerPortal = 05E2C40029089095004DE440 /* Project object */;
			proxyType = 1;
			remoteGlobalIDString = 05E2C41129089096004DE440;
			remoteInfo = "Doomsday Training (macOS)";
		};
/* End PBXContainerItemProxy section */

/* Begin PBXFileReference section */
		0528D14329168B60000A6403 /* DBGuessAttempt.xcdatamodel */ = {isa = PBXFileReference; lastKnownFileType = wrapper.xcdatamodel; path = DBGuessAttempt.xcdatamodel; sourceTree = "<group>"; };
		0528D14629168BD6000A6403 /* DBGuessAttempt.swift */ = {isa = PBXFileReference; lastKnownFileType = sourcecode.swift; path = DBGuessAttempt.swift; sourceTree = "<group>"; };
		05486B12292D632B004AA0FA /* StatisticsView.swift */ = {isa = PBXFileReference; lastKnownFileType = sourcecode.swift; path = StatisticsView.swift; sourceTree = "<group>"; };
		0551BA5729182C3C00258424 /* DBFetchable.swift */ = {isa = PBXFileReference; lastKnownFileType = sourcecode.swift; path = DBFetchable.swift; sourceTree = "<group>"; };
		0553CE1C2915B1AC004E7DD1 /* GuessAttempt.swift */ = {isa = PBXFileReference; lastKnownFileType = sourcecode.swift; path = GuessAttempt.swift; sourceTree = "<group>"; };
		055B2005290A6EB9007FC8AB /* Colors.swift */ = {isa = PBXFileReference; lastKnownFileType = sourcecode.swift; path = Colors.swift; sourceTree = "<group>"; };
		055B2008290A6F7F007FC8AB /* HoneyCombGrid.swift */ = {isa = PBXFileReference; lastKnownFileType = sourcecode.swift; path = HoneyCombGrid.swift; sourceTree = "<group>"; };
		0565F33829328BD8007327EC /* String+Localized.swift */ = {isa = PBXFileReference; lastKnownFileType = sourcecode.swift; path = "String+Localized.swift"; sourceTree = "<group>"; };
		0565F33C29329C7C007327EC /* InfoView.swift */ = {isa = PBXFileReference; lastKnownFileType = sourcecode.swift; path = InfoView.swift; sourceTree = "<group>"; };
		057097E2290C17130042EC4C /* HoneyCombTile.swift */ = {isa = PBXFileReference; lastKnownFileType = sourcecode.swift; path = HoneyCombTile.swift; sourceTree = "<group>"; };
		0574B2E62950E8A1004546DA /* BubblyBackground.swift */ = {isa = PBXFileReference; lastKnownFileType = sourcecode.swift; path = BubblyBackground.swift; sourceTree = "<group>"; };
		0578CD9E290D35F400908759 /* Weekday.swift */ = {isa = PBXFileReference; lastKnownFileType = sourcecode.swift; path = Weekday.swift; sourceTree = "<group>"; };
		058AEEC92915D555006CDFE2 /* DBClient.swift */ = {isa = PBXFileReference; lastKnownFileType = sourcecode.swift; path = DBClient.swift; sourceTree = "<group>"; };
		059E8264290F1948007FD642 /* en */ = {isa = PBXFileReference; lastKnownFileType = text.plist.strings; name = en; path = en.lproj/Localizable.strings; sourceTree = "<group>"; };
		059E8268290F1C6C007FD642 /* ru */ = {isa = PBXFileReference; lastKnownFileType = text.plist.strings; name = ru; path = ru.lproj/Localizable.strings; sourceTree = "<group>"; };
		05BC1C9C293E686500C0549B /* StaisticsVM.swift */ = {isa = PBXFileReference; lastKnownFileType = sourcecode.swift; path = StaisticsVM.swift; sourceTree = "<group>"; };
		05C12984293280C000DF09E1 /* EmptyBackground.swift */ = {isa = PBXFileReference; lastKnownFileType = sourcecode.swift; path = EmptyBackground.swift; sourceTree = "<group>"; };
		05C5561B2916E839005BB568 /* DBPuttable.swift */ = {isa = PBXFileReference; lastKnownFileType = sourcecode.swift; path = DBPuttable.swift; sourceTree = "<group>"; };
		05D78C2F29098EAA0050623B /* Date+Formatter.swift */ = {isa = PBXFileReference; lastKnownFileType = sourcecode.swift; path = "Date+Formatter.swift"; sourceTree = "<group>"; };
		05D78C3329099EF60050623B /* PolygonShape.swift */ = {isa = PBXFileReference; lastKnownFileType = sourcecode.swift; path = PolygonShape.swift; sourceTree = "<group>"; };
		05E2C40529089095004DE440 /* DoomsdayTrainingApp.swift */ = {isa = PBXFileReference; lastKnownFileType = sourcecode.swift; path = DoomsdayTrainingApp.swift; sourceTree = "<group>"; };
		05E2C40629089095004DE440 /* ContentView.swift */ = {isa = PBXFileReference; lastKnownFileType = sourcecode.swift; path = ContentView.swift; sourceTree = "<group>"; };
		05E2C40729089096004DE440 /* Assets.xcassets */ = {isa = PBXFileReference; lastKnownFileType = folder.assetcatalog; path = Assets.xcassets; sourceTree = "<group>"; };
		05E2C40C29089096004DE440 /* Doomsday Training.app */ = {isa = PBXFileReference; explicitFileType = wrapper.application; includeInIndex = 0; path = "Doomsday Training.app"; sourceTree = BUILT_PRODUCTS_DIR; };
		05E2C41229089096004DE440 /* DoomsdayTraining.app */ = {isa = PBXFileReference; explicitFileType = wrapper.application; includeInIndex = 0; path = DoomsdayTraining.app; sourceTree = BUILT_PRODUCTS_DIR; };
		05E2C41429089096004DE440 /* macOS.entitlements */ = {isa = PBXFileReference; lastKnownFileType = text.plist.entitlements; path = macOS.entitlements; sourceTree = "<group>"; };
		05E2C41929089096004DE440 /* Tests iOS.xctest */ = {isa = PBXFileReference; explicitFileType = wrapper.cfbundle; includeInIndex = 0; path = "Tests iOS.xctest"; sourceTree = BUILT_PRODUCTS_DIR; };
		05E2C41D29089096004DE440 /* Tests_iOS.swift */ = {isa = PBXFileReference; lastKnownFileType = sourcecode.swift; path = Tests_iOS.swift; sourceTree = "<group>"; };
		05E2C41F29089096004DE440 /* Tests_iOSLaunchTests.swift */ = {isa = PBXFileReference; lastKnownFileType = sourcecode.swift; path = Tests_iOSLaunchTests.swift; sourceTree = "<group>"; };
		05E2C42529089096004DE440 /* Tests macOS.xctest */ = {isa = PBXFileReference; explicitFileType = wrapper.cfbundle; includeInIndex = 0; path = "Tests macOS.xctest"; sourceTree = BUILT_PRODUCTS_DIR; };
		05E2C42929089096004DE440 /* Tests_macOS.swift */ = {isa = PBXFileReference; lastKnownFileType = sourcecode.swift; path = Tests_macOS.swift; sourceTree = "<group>"; };
		05E2C42B29089096004DE440 /* Tests_macOSLaunchTests.swift */ = {isa = PBXFileReference; lastKnownFileType = sourcecode.swift; path = Tests_macOSLaunchTests.swift; sourceTree = "<group>"; };
		05E2C442290890EB004DE440 /* MainVM.swift */ = {isa = PBXFileReference; lastKnownFileType = sourcecode.swift; path = MainVM.swift; sourceTree = "<group>"; };
		05E2C44529089106004DE440 /* MainView.swift */ = {isa = PBXFileReference; lastKnownFileType = sourcecode.swift; path = MainView.swift; sourceTree = "<group>"; };
/* End PBXFileReference section */

/* Begin PBXFrameworksBuildPhase section */
		05E2C40929089096004DE440 /* Frameworks */ = {
			isa = PBXFrameworksBuildPhase;
			buildActionMask = 2147483647;
			files = (
			);
			runOnlyForDeploymentPostprocessing = 0;
		};
		05E2C40F29089096004DE440 /* Frameworks */ = {
			isa = PBXFrameworksBuildPhase;
			buildActionMask = 2147483647;
			files = (
			);
			runOnlyForDeploymentPostprocessing = 0;
		};
		05E2C41629089096004DE440 /* Frameworks */ = {
			isa = PBXFrameworksBuildPhase;
			buildActionMask = 2147483647;
			files = (
			);
			runOnlyForDeploymentPostprocessing = 0;
		};
		05E2C42229089096004DE440 /* Frameworks */ = {
			isa = PBXFrameworksBuildPhase;
			buildActionMask = 2147483647;
			files = (
			);
			runOnlyForDeploymentPostprocessing = 0;
		};
/* End PBXFrameworksBuildPhase section */

/* Begin PBXGroup section */
		05486B10292D6269004AA0FA /* Presentation */ = {
			isa = PBXGroup;
			children = (
				0565F33B29329C6C007327EC /* Info */,
				05486B11292D6317004AA0FA /* Statistics */,
				05E2C441290890C6004DE440 /* Main */,
			);
			path = Presentation;
			sourceTree = "<group>";
		};
		05486B11292D6317004AA0FA /* Statistics */ = {
			isa = PBXGroup;
			children = (
				05486B12292D632B004AA0FA /* StatisticsView.swift */,
				05BC1C9C293E686500C0549B /* StaisticsVM.swift */,
			);
			path = Statistics;
			sourceTree = "<group>";
		};
		0553CE142915A7EB004E7DD1 /* DBModels */ = {
			isa = PBXGroup;
			children = (
				0528D14629168BD6000A6403 /* DBGuessAttempt.swift */,
			);
			path = DBModels;
			sourceTree = "<group>";
		};
		055B2004290A6E9E007FC8AB /* Resources */ = {
			isa = PBXGroup;
			children = (
				059E825E290F18F1007FD642 /* Localization */,
				055B2005290A6EB9007FC8AB /* Colors.swift */,
				05E2C40729089096004DE440 /* Assets.xcassets */,
			);
			path = Resources;
			sourceTree = "<group>";
		};
		0565F33B29329C6C007327EC /* Info */ = {
			isa = PBXGroup;
			children = (
				0565F33C29329C7C007327EC /* InfoView.swift */,
			);
			path = Info;
			sourceTree = "<group>";
		};
		0578CD9D290D35DB00908759 /* Models */ = {
			isa = PBXGroup;
			children = (
				0578CD9E290D35F400908759 /* Weekday.swift */,
				0553CE1C2915B1AC004E7DD1 /* GuessAttempt.swift */,
			);
			path = Models;
			sourceTree = "<group>";
		};
		059E1C2F290D378C007FD642 /* Persistence */ = {
			isa = PBXGroup;
			children = (
				0528D14229168B60000A6403 /* Main.xcdatamodeld */,
				058AEEC92915D555006CDFE2 /* DBClient.swift */,
				05C5561B2916E839005BB568 /* DBPuttable.swift */,
				0551BA5729182C3C00258424 /* DBFetchable.swift */,
				0553CE142915A7EB004E7DD1 /* DBModels */,
			);
			path = Persistence;
			sourceTree = "<group>";
		};
		059E825E290F18F1007FD642 /* Localization */ = {
			isa = PBXGroup;
			children = (
				059E8265290F1948007FD642 /* Localizable.strings */,
			);
			path = Localization;
			sourceTree = "<group>";
		};
		05C129832932803000DF09E1 /* CommonViews */ = {
			isa = PBXGroup;
			children = (
				05C12984293280C000DF09E1 /* EmptyBackground.swift */,
				0574B2E62950E8A1004546DA /* BubblyBackground.swift */,
			);
			path = CommonViews;
			sourceTree = "<group>";
		};
		05D78C2E29098E920050623B /* Extensions */ = {
			isa = PBXGroup;
			children = (
				05D78C2F29098EAA0050623B /* Date+Formatter.swift */,
				0565F33829328BD8007327EC /* String+Localized.swift */,
			);
			path = Extensions;
			sourceTree = "<group>";
		};
		05D78C3229099EE90050623B /* HoneyCombView */ = {
			isa = PBXGroup;
			children = (
				05D78C3329099EF60050623B /* PolygonShape.swift */,
				055B2008290A6F7F007FC8AB /* HoneyCombGrid.swift */,
				057097E2290C17130042EC4C /* HoneyCombTile.swift */,
			);
			path = HoneyCombView;
			sourceTree = "<group>";
		};
		05E2C3FF29089095004DE440 = {
			isa = PBXGroup;
			children = (
				05E2C40429089095004DE440 /* Shared */,
				05E2C41329089096004DE440 /* macOS */,
				05E2C41C29089096004DE440 /* Tests iOS */,
				05E2C42829089096004DE440 /* Tests macOS */,
				05E2C40D29089096004DE440 /* Products */,
			);
			sourceTree = "<group>";
		};
		05E2C40429089095004DE440 /* Shared */ = {
			isa = PBXGroup;
			children = (
				05E2C40529089095004DE440 /* DoomsdayTrainingApp.swift */,
				05E2C40629089095004DE440 /* ContentView.swift */,
				059E1C2F290D378C007FD642 /* Persistence */,
				0578CD9D290D35DB00908759 /* Models */,
				05486B10292D6269004AA0FA /* Presentation */,
				05C129832932803000DF09E1 /* CommonViews */,
				05D78C2E29098E920050623B /* Extensions */,
				055B2004290A6E9E007FC8AB /* Resources */,
			);
			path = Shared;
			sourceTree = "<group>";
		};
		05E2C40D29089096004DE440 /* Products */ = {
			isa = PBXGroup;
			children = (
				05E2C40C29089096004DE440 /* Doomsday Training.app */,
				05E2C41229089096004DE440 /* DoomsdayTraining.app */,
				05E2C41929089096004DE440 /* Tests iOS.xctest */,
				05E2C42529089096004DE440 /* Tests macOS.xctest */,
			);
			name = Products;
			sourceTree = "<group>";
		};
		05E2C41329089096004DE440 /* macOS */ = {
			isa = PBXGroup;
			children = (
				05E2C41429089096004DE440 /* macOS.entitlements */,
			);
			path = macOS;
			sourceTree = "<group>";
		};
		05E2C41C29089096004DE440 /* Tests iOS */ = {
			isa = PBXGroup;
			children = (
				05E2C41D29089096004DE440 /* Tests_iOS.swift */,
				05E2C41F29089096004DE440 /* Tests_iOSLaunchTests.swift */,
			);
			path = "Tests iOS";
			sourceTree = "<group>";
		};
		05E2C42829089096004DE440 /* Tests macOS */ = {
			isa = PBXGroup;
			children = (
				05E2C42929089096004DE440 /* Tests_macOS.swift */,
				05E2C42B29089096004DE440 /* Tests_macOSLaunchTests.swift */,
			);
			path = "Tests macOS";
			sourceTree = "<group>";
		};
		05E2C441290890C6004DE440 /* Main */ = {
			isa = PBXGroup;
			children = (
				05D78C3229099EE90050623B /* HoneyCombView */,
				05E2C44529089106004DE440 /* MainView.swift */,
				05E2C442290890EB004DE440 /* MainVM.swift */,
			);
			path = Main;
			sourceTree = "<group>";
		};
/* End PBXGroup section */

/* Begin PBXNativeTarget section */
		05E2C40B29089096004DE440 /* DoomsdayTraining (iOS) */ = {
			isa = PBXNativeTarget;
			buildConfigurationList = 05E2C43529089096004DE440 /* Build configuration list for PBXNativeTarget "DoomsdayTraining (iOS)" */;
			buildPhases = (
				05E2C40829089096004DE440 /* Sources */,
				05E2C40929089096004DE440 /* Frameworks */,
				05E2C40A29089096004DE440 /* Resources */,
			);
			buildRules = (
			);
			dependencies = (
			);
			name = "DoomsdayTraining (iOS)";
			productName = "Doomsday Training (iOS)";
			productReference = 05E2C40C29089096004DE440 /* Doomsday Training.app */;
			productType = "com.apple.product-type.application";
		};
		05E2C41129089096004DE440 /* DoomsdayTraining (macOS) */ = {
			isa = PBXNativeTarget;
			buildConfigurationList = 05E2C43829089096004DE440 /* Build configuration list for PBXNativeTarget "DoomsdayTraining (macOS)" */;
			buildPhases = (
				05E2C40E29089096004DE440 /* Sources */,
				05E2C40F29089096004DE440 /* Frameworks */,
				05E2C41029089096004DE440 /* Resources */,
			);
			buildRules = (
			);
			dependencies = (
			);
			name = "DoomsdayTraining (macOS)";
			productName = "Doomsday Training (macOS)";
			productReference = 05E2C41229089096004DE440 /* DoomsdayTraining.app */;
			productType = "com.apple.product-type.application";
		};
		05E2C41829089096004DE440 /* Tests iOS */ = {
			isa = PBXNativeTarget;
			buildConfigurationList = 05E2C43B29089096004DE440 /* Build configuration list for PBXNativeTarget "Tests iOS" */;
			buildPhases = (
				05E2C41529089096004DE440 /* Sources */,
				05E2C41629089096004DE440 /* Frameworks */,
				05E2C41729089096004DE440 /* Resources */,
			);
			buildRules = (
			);
			dependencies = (
				05E2C41B29089096004DE440 /* PBXTargetDependency */,
			);
			name = "Tests iOS";
			productName = "Tests iOS";
			productReference = 05E2C41929089096004DE440 /* Tests iOS.xctest */;
			productType = "com.apple.product-type.bundle.ui-testing";
		};
		05E2C42429089096004DE440 /* Tests macOS */ = {
			isa = PBXNativeTarget;
			buildConfigurationList = 05E2C43E29089096004DE440 /* Build configuration list for PBXNativeTarget "Tests macOS" */;
			buildPhases = (
				05E2C42129089096004DE440 /* Sources */,
				05E2C42229089096004DE440 /* Frameworks */,
				05E2C42329089096004DE440 /* Resources */,
			);
			buildRules = (
			);
			dependencies = (
				05E2C42729089096004DE440 /* PBXTargetDependency */,
			);
			name = "Tests macOS";
			productName = "Tests macOS";
			productReference = 05E2C42529089096004DE440 /* Tests macOS.xctest */;
			productType = "com.apple.product-type.bundle.ui-testing";
		};
/* End PBXNativeTarget section */

/* Begin PBXProject section */
		05E2C40029089095004DE440 /* Project object */ = {
			isa = PBXProject;
			attributes = {
				BuildIndependentTargetsInParallel = 1;
				LastSwiftUpdateCheck = 1340;
				LastUpgradeCheck = 1340;
				TargetAttributes = {
					05E2C40B29089096004DE440 = {
						CreatedOnToolsVersion = 13.4.1;
					};
					05E2C41129089096004DE440 = {
						CreatedOnToolsVersion = 13.4.1;
					};
					05E2C41829089096004DE440 = {
						CreatedOnToolsVersion = 13.4.1;
						TestTargetID = 05E2C40B29089096004DE440;
					};
					05E2C42429089096004DE440 = {
						CreatedOnToolsVersion = 13.4.1;
						TestTargetID = 05E2C41129089096004DE440;
					};
				};
			};
			buildConfigurationList = 05E2C40329089095004DE440 /* Build configuration list for PBXProject "DoomsdayTraining" */;
			compatibilityVersion = "Xcode 13.0";
			developmentRegion = en;
			hasScannedForEncodings = 0;
			knownRegions = (
				en,
				Base,
				ru,
			);
			mainGroup = 05E2C3FF29089095004DE440;
			productRefGroup = 05E2C40D29089096004DE440 /* Products */;
			projectDirPath = "";
			projectRoot = "";
			targets = (
				05E2C40B29089096004DE440 /* DoomsdayTraining (iOS) */,
				05E2C41129089096004DE440 /* DoomsdayTraining (macOS) */,
				05E2C41829089096004DE440 /* Tests iOS */,
				05E2C42429089096004DE440 /* Tests macOS */,
			);
		};
/* End PBXProject section */

/* Begin PBXResourcesBuildPhase section */
		05E2C40A29089096004DE440 /* Resources */ = {
			isa = PBXResourcesBuildPhase;
			buildActionMask = 2147483647;
			files = (
				05E2C43129089096004DE440 /* Assets.xcassets in Resources */,
				059E8262290F1948007FD642 /* Localizable.strings in Resources */,
			);
			runOnlyForDeploymentPostprocessing = 0;
		};
		05E2C41029089096004DE440 /* Resources */ = {
			isa = PBXResourcesBuildPhase;
			buildActionMask = 2147483647;
			files = (
				05E2C43229089096004DE440 /* Assets.xcassets in Resources */,
				059E8263290F1948007FD642 /* Localizable.strings in Resources */,
			);
			runOnlyForDeploymentPostprocessing = 0;
		};
		05E2C41729089096004DE440 /* Resources */ = {
			isa = PBXResourcesBuildPhase;
			buildActionMask = 2147483647;
			files = (
			);
			runOnlyForDeploymentPostprocessing = 0;
		};
		05E2C42329089096004DE440 /* Resources */ = {
			isa = PBXResourcesBuildPhase;
			buildActionMask = 2147483647;
			files = (
			);
			runOnlyForDeploymentPostprocessing = 0;
		};
/* End PBXResourcesBuildPhase section */

/* Begin PBXSourcesBuildPhase section */
		05E2C40829089096004DE440 /* Sources */ = {
			isa = PBXSourcesBuildPhase;
			buildActionMask = 2147483647;
			files = (
				0551BA5829182C3C00258424 /* DBFetchable.swift in Sources */,
				05D78C3029098EAA0050623B /* Date+Formatter.swift in Sources */,
				05E2C42F29089096004DE440 /* ContentView.swift in Sources */,
				05D78C3429099EF60050623B /* PolygonShape.swift in Sources */,
				058AEECA2915D555006CDFE2 /* DBClient.swift in Sources */,
				05E2C44629089106004DE440 /* MainView.swift in Sources */,
				055B2006290A6EB9007FC8AB /* Colors.swift in Sources */,
				0574B2E72950E8A1004546DA /* BubblyBackground.swift in Sources */,
				05E2C443290890EB004DE440 /* MainVM.swift in Sources */,
				0565F33D29329C7C007327EC /* InfoView.swift in Sources */,
				0578CD9F290D35F400908759 /* Weekday.swift in Sources */,
				05C12985293280C000DF09E1 /* EmptyBackground.swift in Sources */,
				055B2009290A6F7F007FC8AB /* HoneyCombGrid.swift in Sources */,
				0528D14729168BD6000A6403 /* DBGuessAttempt.swift in Sources */,
				05E2C42D29089096004DE440 /* DoomsdayTrainingApp.swift in Sources */,
				0528D14429168B60000A6403 /* Main.xcdatamodeld in Sources */,
				05486B13292D632B004AA0FA /* StatisticsView.swift in Sources */,
				05BC1C9D293E686500C0549B /* StaisticsVM.swift in Sources */,
				05C5561C2916E839005BB568 /* DBPuttable.swift in Sources */,
				0565F33929328BD8007327EC /* String+Localized.swift in Sources */,
				0553CE1D2915B1AC004E7DD1 /* GuessAttempt.swift in Sources */,
				057097E3290C17130042EC4C /* HoneyCombTile.swift in Sources */,
			);
			runOnlyForDeploymentPostprocessing = 0;
		};
		05E2C40E29089096004DE440 /* Sources */ = {
			isa = PBXSourcesBuildPhase;
			buildActionMask = 2147483647;
			files = (
				0551BA5929182C3C00258424 /* DBFetchable.swift in Sources */,
				05D78C3129098EAA0050623B /* Date+Formatter.swift in Sources */,
				05E2C43029089096004DE440 /* ContentView.swift in Sources */,
				05D78C3529099EF60050623B /* PolygonShape.swift in Sources */,
				058AEECB2915D555006CDFE2 /* DBClient.swift in Sources */,
				05E2C44729089106004DE440 /* MainView.swift in Sources */,
				055B2007290A6EB9007FC8AB /* Colors.swift in Sources */,
				0574B2E82950E8A1004546DA /* BubblyBackground.swift in Sources */,
				05E2C444290890EB004DE440 /* MainVM.swift in Sources */,
				0565F33E29329C7C007327EC /* InfoView.swift in Sources */,
				0578CDA0290D35F400908759 /* Weekday.swift in Sources */,
				05C12986293280C000DF09E1 /* EmptyBackground.swift in Sources */,
				055B200A290A6F7F007FC8AB /* HoneyCombGrid.swift in Sources */,
				0528D14829168BD6000A6403 /* DBGuessAttempt.swift in Sources */,
				05E2C42E29089096004DE440 /* DoomsdayTrainingApp.swift in Sources */,
				0528D14529168B60000A6403 /* Main.xcdatamodeld in Sources */,
				05486B14292D632B004AA0FA /* StatisticsView.swift in Sources */,
				05BC1C9E293E686500C0549B /* StaisticsVM.swift in Sources */,
				05C5561D2916E839005BB568 /* DBPuttable.swift in Sources */,
				0565F33A29328BD8007327EC /* String+Localized.swift in Sources */,
				0553CE1E2915B1AC004E7DD1 /* GuessAttempt.swift in Sources */,
				057097E4290C17130042EC4C /* HoneyCombTile.swift in Sources */,
			);
			runOnlyForDeploymentPostprocessing = 0;
		};
		05E2C41529089096004DE440 /* Sources */ = {
			isa = PBXSourcesBuildPhase;
			buildActionMask = 2147483647;
			files = (
				05E2C42029089096004DE440 /* Tests_iOSLaunchTests.swift in Sources */,
				05E2C41E29089096004DE440 /* Tests_iOS.swift in Sources */,
			);
			runOnlyForDeploymentPostprocessing = 0;
		};
		05E2C42129089096004DE440 /* Sources */ = {
			isa = PBXSourcesBuildPhase;
			buildActionMask = 2147483647;
			files = (
				05E2C42C29089096004DE440 /* Tests_macOSLaunchTests.swift in Sources */,
				05E2C42A29089096004DE440 /* Tests_macOS.swift in Sources */,
			);
			runOnlyForDeploymentPostprocessing = 0;
		};
/* End PBXSourcesBuildPhase section */

/* Begin PBXTargetDependency section */
		05E2C41B29089096004DE440 /* PBXTargetDependency */ = {
			isa = PBXTargetDependency;
			target = 05E2C40B29089096004DE440 /* DoomsdayTraining (iOS) */;
			targetProxy = 05E2C41A29089096004DE440 /* PBXContainerItemProxy */;
		};
		05E2C42729089096004DE440 /* PBXTargetDependency */ = {
			isa = PBXTargetDependency;
			target = 05E2C41129089096004DE440 /* DoomsdayTraining (macOS) */;
			targetProxy = 05E2C42629089096004DE440 /* PBXContainerItemProxy */;
		};
/* End PBXTargetDependency section */

/* Begin PBXVariantGroup section */
		059E8265290F1948007FD642 /* Localizable.strings */ = {
			isa = PBXVariantGroup;
			children = (
				059E8264290F1948007FD642 /* en */,
				059E8268290F1C6C007FD642 /* ru */,
			);
			name = Localizable.strings;
			sourceTree = "<group>";
		};
/* End PBXVariantGroup section */

/* Begin XCBuildConfiguration section */
		05E2C43329089096004DE440 /* Debug */ = {
			isa = XCBuildConfiguration;
			buildSettings = {
				ALWAYS_SEARCH_USER_PATHS = NO;
				CLANG_ANALYZER_NONNULL = YES;
				CLANG_ANALYZER_NUMBER_OBJECT_CONVERSION = YES_AGGRESSIVE;
				CLANG_CXX_LANGUAGE_STANDARD = "gnu++17";
				CLANG_ENABLE_MODULES = YES;
				CLANG_ENABLE_OBJC_ARC = YES;
				CLANG_ENABLE_OBJC_WEAK = YES;
				CLANG_WARN_BLOCK_CAPTURE_AUTORELEASING = YES;
				CLANG_WARN_BOOL_CONVERSION = YES;
				CLANG_WARN_COMMA = YES;
				CLANG_WARN_CONSTANT_CONVERSION = YES;
				CLANG_WARN_DEPRECATED_OBJC_IMPLEMENTATIONS = YES;
				CLANG_WARN_DIRECT_OBJC_ISA_USAGE = YES_ERROR;
				CLANG_WARN_DOCUMENTATION_COMMENTS = YES;
				CLANG_WARN_EMPTY_BODY = YES;
				CLANG_WARN_ENUM_CONVERSION = YES;
				CLANG_WARN_INFINITE_RECURSION = YES;
				CLANG_WARN_INT_CONVERSION = YES;
				CLANG_WARN_NON_LITERAL_NULL_CONVERSION = YES;
				CLANG_WARN_OBJC_IMPLICIT_RETAIN_SELF = YES;
				CLANG_WARN_OBJC_LITERAL_CONVERSION = YES;
				CLANG_WARN_OBJC_ROOT_CLASS = YES_ERROR;
				CLANG_WARN_QUOTED_INCLUDE_IN_FRAMEWORK_HEADER = YES;
				CLANG_WARN_RANGE_LOOP_ANALYSIS = YES;
				CLANG_WARN_STRICT_PROTOTYPES = YES;
				CLANG_WARN_SUSPICIOUS_MOVE = YES;
				CLANG_WARN_UNGUARDED_AVAILABILITY = YES_AGGRESSIVE;
				CLANG_WARN_UNREACHABLE_CODE = YES;
				CLANG_WARN__DUPLICATE_METHOD_MATCH = YES;
				COPY_PHASE_STRIP = NO;
				DEBUG_INFORMATION_FORMAT = dwarf;
				ENABLE_STRICT_OBJC_MSGSEND = YES;
				ENABLE_TESTABILITY = YES;
				GCC_C_LANGUAGE_STANDARD = gnu11;
				GCC_DYNAMIC_NO_PIC = NO;
				GCC_NO_COMMON_BLOCKS = YES;
				GCC_OPTIMIZATION_LEVEL = 0;
				GCC_PREPROCESSOR_DEFINITIONS = (
					"DEBUG=1",
					"$(inherited)",
				);
				GCC_WARN_64_TO_32_BIT_CONVERSION = YES;
				GCC_WARN_ABOUT_RETURN_TYPE = YES_ERROR;
				GCC_WARN_UNDECLARED_SELECTOR = YES;
				GCC_WARN_UNINITIALIZED_AUTOS = YES_AGGRESSIVE;
				GCC_WARN_UNUSED_FUNCTION = YES;
				GCC_WARN_UNUSED_VARIABLE = YES;
				MTL_ENABLE_DEBUG_INFO = INCLUDE_SOURCE;
				MTL_FAST_MATH = YES;
				ONLY_ACTIVE_ARCH = YES;
				SWIFT_ACTIVE_COMPILATION_CONDITIONS = DEBUG;
				SWIFT_OPTIMIZATION_LEVEL = "-Onone";
			};
			name = Debug;
		};
		05E2C43429089096004DE440 /* Release */ = {
			isa = XCBuildConfiguration;
			buildSettings = {
				ALWAYS_SEARCH_USER_PATHS = NO;
				CLANG_ANALYZER_NONNULL = YES;
				CLANG_ANALYZER_NUMBER_OBJECT_CONVERSION = YES_AGGRESSIVE;
				CLANG_CXX_LANGUAGE_STANDARD = "gnu++17";
				CLANG_ENABLE_MODULES = YES;
				CLANG_ENABLE_OBJC_ARC = YES;
				CLANG_ENABLE_OBJC_WEAK = YES;
				CLANG_WARN_BLOCK_CAPTURE_AUTORELEASING = YES;
				CLANG_WARN_BOOL_CONVERSION = YES;
				CLANG_WARN_COMMA = YES;
				CLANG_WARN_CONSTANT_CONVERSION = YES;
				CLANG_WARN_DEPRECATED_OBJC_IMPLEMENTATIONS = YES;
				CLANG_WARN_DIRECT_OBJC_ISA_USAGE = YES_ERROR;
				CLANG_WARN_DOCUMENTATION_COMMENTS = YES;
				CLANG_WARN_EMPTY_BODY = YES;
				CLANG_WARN_ENUM_CONVERSION = YES;
				CLANG_WARN_INFINITE_RECURSION = YES;
				CLANG_WARN_INT_CONVERSION = YES;
				CLANG_WARN_NON_LITERAL_NULL_CONVERSION = YES;
				CLANG_WARN_OBJC_IMPLICIT_RETAIN_SELF = YES;
				CLANG_WARN_OBJC_LITERAL_CONVERSION = YES;
				CLANG_WARN_OBJC_ROOT_CLASS = YES_ERROR;
				CLANG_WARN_QUOTED_INCLUDE_IN_FRAMEWORK_HEADER = YES;
				CLANG_WARN_RANGE_LOOP_ANALYSIS = YES;
				CLANG_WARN_STRICT_PROTOTYPES = YES;
				CLANG_WARN_SUSPICIOUS_MOVE = YES;
				CLANG_WARN_UNGUARDED_AVAILABILITY = YES_AGGRESSIVE;
				CLANG_WARN_UNREACHABLE_CODE = YES;
				CLANG_WARN__DUPLICATE_METHOD_MATCH = YES;
				COPY_PHASE_STRIP = NO;
				DEBUG_INFORMATION_FORMAT = "dwarf-with-dsym";
				ENABLE_NS_ASSERTIONS = NO;
				ENABLE_STRICT_OBJC_MSGSEND = YES;
				GCC_C_LANGUAGE_STANDARD = gnu11;
				GCC_NO_COMMON_BLOCKS = YES;
				GCC_WARN_64_TO_32_BIT_CONVERSION = YES;
				GCC_WARN_ABOUT_RETURN_TYPE = YES_ERROR;
				GCC_WARN_UNDECLARED_SELECTOR = YES;
				GCC_WARN_UNINITIALIZED_AUTOS = YES_AGGRESSIVE;
				GCC_WARN_UNUSED_FUNCTION = YES;
				GCC_WARN_UNUSED_VARIABLE = YES;
				MTL_ENABLE_DEBUG_INFO = NO;
				MTL_FAST_MATH = YES;
				SWIFT_COMPILATION_MODE = wholemodule;
				SWIFT_OPTIMIZATION_LEVEL = "-O";
			};
			name = Release;
		};
		05E2C43629089096004DE440 /* Debug */ = {
			isa = XCBuildConfiguration;
			buildSettings = {
				ASSETCATALOG_COMPILER_APPICON_NAME = AppIcon;
				ASSETCATALOG_COMPILER_GLOBAL_ACCENT_COLOR_NAME = AccentColor;
				CODE_SIGN_STYLE = Automatic;
				CURRENT_PROJECT_VERSION = 1;
				DEVELOPMENT_TEAM = 486MRTB8T5;
				ENABLE_PREVIEWS = YES;
				GENERATE_INFOPLIST_FILE = YES;
				INFOPLIST_KEY_UIApplicationSceneManifest_Generation = YES;
				INFOPLIST_KEY_UIApplicationSupportsIndirectInputEvents = YES;
				INFOPLIST_KEY_UILaunchScreen_Generation = YES;
				INFOPLIST_KEY_UISupportedInterfaceOrientations_iPad = "UIInterfaceOrientationPortrait UIInterfaceOrientationPortraitUpsideDown UIInterfaceOrientationLandscapeLeft UIInterfaceOrientationLandscapeRight";
				INFOPLIST_KEY_UISupportedInterfaceOrientations_iPhone = "UIInterfaceOrientationPortrait UIInterfaceOrientationLandscapeLeft UIInterfaceOrientationLandscapeRight";
				IPHONEOS_DEPLOYMENT_TARGET = 15.5;
				LD_RUNPATH_SEARCH_PATHS = (
					"$(inherited)",
					"@executable_path/Frameworks",
				);
				MARKETING_VERSION = 1.0;
				PRODUCT_BUNDLE_IDENTIFIER = sample.doomsday.training;
				PRODUCT_NAME = "Doomsday Training";
				SDKROOT = iphoneos;
				SWIFT_EMIT_LOC_STRINGS = YES;
				SWIFT_VERSION = 5.0;
				TARGETED_DEVICE_FAMILY = "1,2";
			};
			name = Debug;
		};
		05E2C43729089096004DE440 /* Release */ = {
			isa = XCBuildConfiguration;
			buildSettings = {
				ASSETCATALOG_COMPILER_APPICON_NAME = AppIcon;
				ASSETCATALOG_COMPILER_GLOBAL_ACCENT_COLOR_NAME = AccentColor;
				CODE_SIGN_STYLE = Automatic;
				CURRENT_PROJECT_VERSION = 1;
				DEVELOPMENT_TEAM = 486MRTB8T5;
				ENABLE_PREVIEWS = YES;
				GENERATE_INFOPLIST_FILE = YES;
				INFOPLIST_KEY_UIApplicationSceneManifest_Generation = YES;
				INFOPLIST_KEY_UIApplicationSupportsIndirectInputEvents = YES;
				INFOPLIST_KEY_UILaunchScreen_Generation = YES;
				INFOPLIST_KEY_UISupportedInterfaceOrientations_iPad = "UIInterfaceOrientationPortrait UIInterfaceOrientationPortraitUpsideDown UIInterfaceOrientationLandscapeLeft UIInterfaceOrientationLandscapeRight";
				INFOPLIST_KEY_UISupportedInterfaceOrientations_iPhone = "UIInterfaceOrientationPortrait UIInterfaceOrientationLandscapeLeft UIInterfaceOrientationLandscapeRight";
				IPHONEOS_DEPLOYMENT_TARGET = 15.5;
				LD_RUNPATH_SEARCH_PATHS = (
					"$(inherited)",
					"@executable_path/Frameworks",
				);
				MARKETING_VERSION = 1.0;
				PRODUCT_BUNDLE_IDENTIFIER = sample.doomsday.training;
				PRODUCT_NAME = "Doomsday Training";
				SDKROOT = iphoneos;
				SWIFT_EMIT_LOC_STRINGS = YES;
				SWIFT_VERSION = 5.0;
				TARGETED_DEVICE_FAMILY = "1,2";
				VALIDATE_PRODUCT = YES;
			};
			name = Release;
		};
		05E2C43929089096004DE440 /* Debug */ = {
			isa = XCBuildConfiguration;
			buildSettings = {
				ASSETCATALOG_COMPILER_APPICON_NAME = AppIcon;
				ASSETCATALOG_COMPILER_GLOBAL_ACCENT_COLOR_NAME = AccentColor;
				CODE_SIGN_ENTITLEMENTS = macOS/macOS.entitlements;
				CODE_SIGN_STYLE = Automatic;
				COMBINE_HIDPI_IMAGES = YES;
				CURRENT_PROJECT_VERSION = 1;
				DEVELOPMENT_TEAM = 486MRTB8T5;
				ENABLE_HARDENED_RUNTIME = YES;
				ENABLE_PREVIEWS = YES;
				GENERATE_INFOPLIST_FILE = YES;
				INFOPLIST_KEY_NSHumanReadableCopyright = "";
				LD_RUNPATH_SEARCH_PATHS = (
					"$(inherited)",
					"@executable_path/../Frameworks",
				);
				MACOSX_DEPLOYMENT_TARGET = 12.2;
				MARKETING_VERSION = 1.0;
				PRODUCT_BUNDLE_IDENTIFIER = "sample.Doomsday-Training";
				PRODUCT_NAME = DoomsdayTraining;
				SDKROOT = macosx;
				SWIFT_EMIT_LOC_STRINGS = YES;
				SWIFT_VERSION = 5.0;
			};
			name = Debug;
		};
		05E2C43A29089096004DE440 /* Release */ = {
			isa = XCBuildConfiguration;
			buildSettings = {
				ASSETCATALOG_COMPILER_APPICON_NAME = AppIcon;
				ASSETCATALOG_COMPILER_GLOBAL_ACCENT_COLOR_NAME = AccentColor;
				CODE_SIGN_ENTITLEMENTS = macOS/macOS.entitlements;
				CODE_SIGN_STYLE = Automatic;
				COMBINE_HIDPI_IMAGES = YES;
				CURRENT_PROJECT_VERSION = 1;
				DEVELOPMENT_TEAM = 486MRTB8T5;
				ENABLE_HARDENED_RUNTIME = YES;
				ENABLE_PREVIEWS = YES;
				GENERATE_INFOPLIST_FILE = YES;
				INFOPLIST_KEY_NSHumanReadableCopyright = "";
				LD_RUNPATH_SEARCH_PATHS = (
					"$(inherited)",
					"@executable_path/../Frameworks",
				);
				MACOSX_DEPLOYMENT_TARGET = 12.2;
				MARKETING_VERSION = 1.0;
				PRODUCT_BUNDLE_IDENTIFIER = "sample.Doomsday-Training";
				PRODUCT_NAME = DoomsdayTraining;
				SDKROOT = macosx;
				SWIFT_EMIT_LOC_STRINGS = YES;
				SWIFT_VERSION = 5.0;
			};
			name = Release;
		};
		05E2C43C29089096004DE440 /* Debug */ = {
			isa = XCBuildConfiguration;
			buildSettings = {
				ALWAYS_EMBED_SWIFT_STANDARD_LIBRARIES = YES;
				CODE_SIGN_STYLE = Automatic;
				CURRENT_PROJECT_VERSION = 1;
				DEVELOPMENT_TEAM = 486MRTB8T5;
				GENERATE_INFOPLIST_FILE = YES;
				IPHONEOS_DEPLOYMENT_TARGET = 15.5;
				MARKETING_VERSION = 1.0;
				PRODUCT_BUNDLE_IDENTIFIER = "sample.Tests-iOS";
				PRODUCT_NAME = "$(TARGET_NAME)";
				SDKROOT = iphoneos;
				SWIFT_EMIT_LOC_STRINGS = NO;
				SWIFT_VERSION = 5.0;
				TARGETED_DEVICE_FAMILY = "1,2";
				TEST_TARGET_NAME = "Doomsday Training (iOS)";
			};
			name = Debug;
		};
		05E2C43D29089096004DE440 /* Release */ = {
			isa = XCBuildConfiguration;
			buildSettings = {
				ALWAYS_EMBED_SWIFT_STANDARD_LIBRARIES = YES;
				CODE_SIGN_STYLE = Automatic;
				CURRENT_PROJECT_VERSION = 1;
				DEVELOPMENT_TEAM = 486MRTB8T5;
				GENERATE_INFOPLIST_FILE = YES;
				IPHONEOS_DEPLOYMENT_TARGET = 15.5;
				MARKETING_VERSION = 1.0;
				PRODUCT_BUNDLE_IDENTIFIER = "sample.Tests-iOS";
				PRODUCT_NAME = "$(TARGET_NAME)";
				SDKROOT = iphoneos;
				SWIFT_EMIT_LOC_STRINGS = NO;
				SWIFT_VERSION = 5.0;
				TARGETED_DEVICE_FAMILY = "1,2";
				TEST_TARGET_NAME = "Doomsday Training (iOS)";
				VALIDATE_PRODUCT = YES;
			};
			name = Release;
		};
		05E2C43F29089096004DE440 /* Debug */ = {
			isa = XCBuildConfiguration;
			buildSettings = {
				ALWAYS_EMBED_SWIFT_STANDARD_LIBRARIES = YES;
				CODE_SIGN_STYLE = Automatic;
				CURRENT_PROJECT_VERSION = 1;
				DEVELOPMENT_TEAM = 486MRTB8T5;
				GENERATE_INFOPLIST_FILE = YES;
				MACOSX_DEPLOYMENT_TARGET = 12.2;
				MARKETING_VERSION = 1.0;
				PRODUCT_BUNDLE_IDENTIFIER = "sample.Tests-macOS";
				PRODUCT_NAME = "$(TARGET_NAME)";
				SDKROOT = macosx;
				SWIFT_EMIT_LOC_STRINGS = NO;
				SWIFT_VERSION = 5.0;
				TEST_TARGET_NAME = "Doomsday Training (macOS)";
			};
			name = Debug;
		};
		05E2C44029089096004DE440 /* Release */ = {
			isa = XCBuildConfiguration;
			buildSettings = {
				ALWAYS_EMBED_SWIFT_STANDARD_LIBRARIES = YES;
				CODE_SIGN_STYLE = Automatic;
				CURRENT_PROJECT_VERSION = 1;
				DEVELOPMENT_TEAM = 486MRTB8T5;
				GENERATE_INFOPLIST_FILE = YES;
				MACOSX_DEPLOYMENT_TARGET = 12.2;
				MARKETING_VERSION = 1.0;
				PRODUCT_BUNDLE_IDENTIFIER = "sample.Tests-macOS";
				PRODUCT_NAME = "$(TARGET_NAME)";
				SDKROOT = macosx;
				SWIFT_EMIT_LOC_STRINGS = NO;
				SWIFT_VERSION = 5.0;
				TEST_TARGET_NAME = "Doomsday Training (macOS)";
			};
			name = Release;
		};
/* End XCBuildConfiguration section */

/* Begin XCConfigurationList section */
		05E2C40329089095004DE440 /* Build configuration list for PBXProject "DoomsdayTraining" */ = {
			isa = XCConfigurationList;
			buildConfigurations = (
				05E2C43329089096004DE440 /* Debug */,
				05E2C43429089096004DE440 /* Release */,
			);
			defaultConfigurationIsVisible = 0;
			defaultConfigurationName = Release;
		};
		05E2C43529089096004DE440 /* Build configuration list for PBXNativeTarget "DoomsdayTraining (iOS)" */ = {
			isa = XCConfigurationList;
			buildConfigurations = (
				05E2C43629089096004DE440 /* Debug */,
				05E2C43729089096004DE440 /* Release */,
			);
			defaultConfigurationIsVisible = 0;
			defaultConfigurationName = Release;
		};
		05E2C43829089096004DE440 /* Build configuration list for PBXNativeTarget "DoomsdayTraining (macOS)" */ = {
			isa = XCConfigurationList;
			buildConfigurations = (
				05E2C43929089096004DE440 /* Debug */,
				05E2C43A29089096004DE440 /* Release */,
			);
			defaultConfigurationIsVisible = 0;
			defaultConfigurationName = Release;
		};
		05E2C43B29089096004DE440 /* Build configuration list for PBXNativeTarget "Tests iOS" */ = {
			isa = XCConfigurationList;
			buildConfigurations = (
				05E2C43C29089096004DE440 /* Debug */,
				05E2C43D29089096004DE440 /* Release */,
			);
			defaultConfigurationIsVisible = 0;
			defaultConfigurationName = Release;
		};
		05E2C43E29089096004DE440 /* Build configuration list for PBXNativeTarget "Tests macOS" */ = {
			isa = XCConfigurationList;
			buildConfigurations = (
				05E2C43F29089096004DE440 /* Debug */,
				05E2C44029089096004DE440 /* Release */,
			);
			defaultConfigurationIsVisible = 0;
			defaultConfigurationName = Release;
		};
/* End XCConfigurationList section */

/* Begin XCVersionGroup section */
		0528D14229168B60000A6403 /* Main.xcdatamodeld */ = {
			isa = XCVersionGroup;
			children = (
				0528D14329168B60000A6403 /* DBGuessAttempt.xcdatamodel */,
			);
			currentVersion = 0528D14329168B60000A6403 /* DBGuessAttempt.xcdatamodel */;
			path = Main.xcdatamodeld;
			sourceTree = "<group>";
			versionGroupType = wrapper.xcdatamodel;
		};
/* End XCVersionGroup section */
	};
	rootObject = 05E2C40029089095004DE440 /* Project object */;
}
